
Microsoft Visual Studio Solution File, Format Version 12.00
# Visual Studio 2012
Project("{FAE04EC0-301F-11D3-BF4B-00C04F79EFBC}") = "interfaces", "interfaces.csproj", "{DA44492A-7C43-418B-8C8C-A987879643D5}"
EndProject
Global
	GlobalSection(SolutionConfigurationPlatforms) = preSolution
		Debug|Any CPU = Debug|Any CPU
		Release|Any CPU = Release|Any CPU
	EndGlobalSection
	GlobalSection(ProjectConfigurationPlatforms) = postSolution
		{DA44492A-7C43-418B-8C8C-A987879643D5}.Debug|Any CPU.ActiveCfg = Debug|Any CPU
		{DA44492A-7C43-418B-8C8C-A987879643D5}.Debug|Any CPU.Build.0 = Debug|Any CPU
		{DA44492A-7C43-418B-8C8C-A987879643D5}.Release|Any CPU.ActiveCfg = Release|Any CPU
		{DA44492A-7C43-418B-8C8C-A987879643D5}.Release|Any CPU.Build.0 = Release|Any CPU
	EndGlobalSection
EndGlobal
